{
  "version": 4,
  "terraform_version": "1.4.6",
  "serial": 5,
  "lineage": "f80cf000-2b09-72f4-4aa1-e9c692c59a45",
  "outputs": {},
  "resources": [
    {
      "mode": "data",
      "type": "google_client_config",
      "name": "current",
      "provider": "provider[\"registry.terraform.io/hashicorp/google\"]",
      "instances": [
        {
          "schema_version": 0,
          "attributes": {
            "access_token": "ya29.c.c0AY_VpZiPMTE01zZwvr26MVNOmKlI6ffqRcGVdX0Vbim4JzHqAeqjNdeB9b1R37dYMkDsU6eP7Qy937CmslInc0tb223X9H5B0JJuuUIl94tvvwsL_l1f4BotJi2ARYd9nkPl1BsYnCeK4ftmsOboRyextMSPWvUAixA9RZS9OsQvY29dufoD61rH8zh0HaLAwT9huarbHF_30iiIbVgQ_YTL0YgFCk878Q3Nx2eYQTVA0PJKBLkWLK461OJIXf4a8eBhl-5s1yoaoQv94rLE_jYDA0mGivqGjO4pkOmoBNXDTxxNvLeD-1wc4F76qINMXAuj4_5VuvZS17oY2vzgAGARvJnaJh5z-IafeIG35zeKEbKwa3Fql9kVVgH387Po5gndcngcyz-os2ps3MyurJxp6mzs36F862QFtvdMFZMRztnrj26uW7aauw1oxFnzbqxoba4OZsolaufdOz9doOZ-sjUkhc5tJ-OSynR4Wszf_hUxxqgUMc8S-VQdRzX48wh3rMr0euorbMc369Md4iw_ixUg-_Qo3O4FsY4Rrar01lUFYJux2jamp4QxIlQi8o3Rim4hoIa99jjjy5_vWr7y-k1acqhrZm46VMjczrQxRXg6rMct2UFQd5e_ea3WOSQUXWa3_q5rY67d8y5aI1gOvjytmWcZXMfdu6kcUg_W5-wWvX1nr9h28wai4Ue8Qidvsrfc9Q_ubsMSevoZMS-v0jsnkuQ9xbhFkIprV80gwvMsmxbYn6B2bOUqrh0lBd_3U3bR2Vq6OgdyyxglvhrejuRyOe_isfc5iqgZ2jdSfmBvUgt9YYuZ6phqXkZ8pOwqpIiekM1vdJReI4-0w9Iwdcmxr6X6-FzYi7q8uB70r_Z5VwrMc2kSMzOXYSnndawgUOparmxlr9d33zJVcryOqgOI7wqlWj_31oxQ5JlmQkjfRda4c_b07xSm-rOdXIFYkVmsaaayYS91jebVq_4Z1anxZ7go51R_hB1Fqow5-yxOfygnRlm",
            "id": "projects/\"humble-being-293400\"/regions/\"us-central1\"/zones/\u003cnull\u003e",
            "project": "humble-being-293400",
            "region": "us-central1",
            "zone": null
          },
          "sensitive_attributes": []
        }
      ]
    },
    {
      "mode": "managed",
      "type": "google_container_cluster",
      "name": "my-rearcted-final-cluster",
      "provider": "provider[\"registry.terraform.io/hashicorp/google\"]",
      "instances": [
        {
          "schema_version": 2,
          "attributes": {
            "addons_config": [
              {
                "cloudrun_config": [],
                "config_connector_config": [],
                "dns_cache_config": [],
                "gce_persistent_disk_csi_driver_config": [
                  {
                    "enabled": true
                  }
                ],
                "gcp_filestore_csi_driver_config": [],
                "gcs_fuse_csi_driver_config": [],
                "gke_backup_agent_config": [],
                "horizontal_pod_autoscaling": [],
                "http_load_balancing": [],
                "network_policy_config": [
                  {
                    "disabled": true
                  }
                ]
              }
            ],
            "allow_net_admin": null,
            "authenticator_groups_config": [],
            "binary_authorization": [
              {
                "enabled": false,
                "evaluation_mode": ""
              }
            ],
            "cluster_autoscaling": [
              {
                "auto_provisioning_defaults": [],
                "enabled": false,
                "resource_limits": []
              }
            ],
            "cluster_ipv4_cidr": "10.8.0.0/14",
            "confidential_nodes": [],
            "cost_management_config": [],
            "database_encryption": [
              {
                "key_name": "",
                "state": "DECRYPTED"
              }
            ],
            "datapath_provider": "",
            "default_max_pods_per_node": 110,
            "default_snat_status": [
              {
                "disabled": false
              }
            ],
            "deletion_protection": false,
            "description": "",
            "dns_config": [],
            "enable_autopilot": false,
            "enable_intranode_visibility": false,
            "enable_k8s_beta_apis": [],
            "enable_kubernetes_alpha": false,
            "enable_l4_ilb_subsetting": false,
            "enable_legacy_abac": false,
            "enable_shielded_nodes": true,
            "enable_tpu": false,
            "endpoint": "104.197.78.222",
            "gateway_api_config": [],
            "id": "projects/humble-being-293400/locations/us-central1/clusters/my-rearcted-final-cluster",
            "initial_node_count": 1,
            "ip_allocation_policy": [
              {
                "additional_pod_ranges_config": [],
                "cluster_ipv4_cidr_block": "10.8.0.0/14",
                "cluster_secondary_range_name": "gke-my-rearcted-final-cluster-pods-dd9ddf6d",
                "pod_cidr_overprovision_config": [
                  {
                    "disabled": false
                  }
                ],
                "services_ipv4_cidr_block": "10.12.0.0/20",
                "services_secondary_range_name": "gke-my-rearcted-final-cluster-services-dd9ddf6d",
                "stack_type": "IPV4"
              }
            ],
            "label_fingerprint": "a9dc16a7",
            "location": "us-central1",
            "logging_config": [
              {
                "enable_components": [
                  "SYSTEM_COMPONENTS",
                  "WORKLOADS"
                ]
              }
            ],
            "logging_service": "logging.googleapis.com/kubernetes",
            "maintenance_policy": [],
            "master_auth": [
              {
                "client_certificate": "",
                "client_certificate_config": [
                  {
                    "issue_client_certificate": false
                  }
                ],
                "client_key": "",
                "cluster_ca_certificate": "LS0tLS1CRUdJTiBDRVJUSUZJQ0FURS0tLS0tCk1JSUVMRENDQXBTZ0F3SUJBZ0lRWnNiTkhUSU5SUEVuY0hhQXBYa3hYekFOQmdrcWhraUc5dzBCQVFzRkFEQXYKTVMwd0t3WURWUVFERXlRME1XRmpZams0TWkwMk1tSmtMVFE1WkdVdE9HRXhOaTAzWm1RMFl6Sm1ZVEZsWVdVdwpJQmNOTWpNeE1ESTRNREUwTnpJeVdoZ1BNakExTXpFd01qQXdNalEzTWpKYU1DOHhMVEFyQmdOVkJBTVRKRFF4CllXTmlPVGd5TFRZeVltUXRORGxrWlMwNFlURTJMVGRtWkRSak1tWmhNV1ZoWlRDQ0FhSXdEUVlKS29aSWh2Y04KQVFFQkJRQURnZ0dQQURDQ0FZb0NnZ0dCQU1INVhvTjFxK0tZelNHQ3hHbzh1SGF5Z3Bxd1RYT0w0b1dVcitRYwowRFdUYTJMWU13WlNIV0hXMkJLeEpidW5YdVFJZEFub3pmN0xoaCtEc1k4eEdWQVFYcmI4VFlqL2I2L0dUMmdnClo5a0NzK2RpeXZTSkw3V3U2TXFtb1dWZDFjYkNCR3ErNUFWN3lWZzFNc29pVWRJYlVTMEZzaDhzTXh6SHc1SVcKYlRHRk1VaGNNdW5jZ09rMDRMSEZsRFBBNzNac3VJWWJ6NGI3NzhLdURpUkpybnljK2JCQXlrNFRucXN1cmt4UAp3V1cvaWRjakZnSGl3dEpIRC95VEVkUGt5MFIrZ0RrcGRqUVNjTGVPMTFFTEJwZ2FBcHlYbWdVSEpFR3ZVSkpEClUwaDhaK0ZPTVl5SDdDNlliSVUyR2VPQ1BDTnpabVZXR2dyWlpjRnV0NVkxNEFsZG8yVFpZcVhHdW9IdlIrMnMKZlZISTljYWZOL2Jia29qNFlzQm5QaDBKYVgwMThVWkZjKy9DMWJrQ05iS3VEckljZm9iVDJCeUM3Z3RVczdnLwovR0EwNnBPeHJJdGpJV3RTeERtalc1MWtwUG9FM2kyNlBWbUhYUW4vRVF3RGREKzN5SGtiOUJaMmlSUWFBOU03Ckp0Vk5lREdaQ3FuVUVTdmdOQ2VBZGFCZUR3SURBUUFCbzBJd1FEQU9CZ05WSFE4QkFmOEVCQU1DQWdRd0R3WUQKVlIwVEFRSC9CQVV3QXdFQi96QWRCZ05WSFE0RUZnUVVDSGVkL1A1akw0OEdVV1dZUjN0bkFTVWswOGd3RFFZSgpLb1pJaHZjTkFRRUxCUUFEZ2dHQkFCZThwclcvcCt3bGF4WFZMRlBnbUhDQTBEYUlZeTF2enBRaktURzE4c1ZvCkRHSVNwSXI1RzY5b0xvREpDeGJwaGwvZ0lZVU80aUNFVGZQR2p5cUYvTHQ0clhhY0RzMmlZY3NQMjFLbDRvUkYKNFJJNU5xZ0RhQjlZa0ZBQjN2TVJVd0JSOWxwOS9Ub20wYlFXaHYxWmJyVHZvWVBHVGtKQ1hMd2x1dm12MmVjagpUL2t4WWpHVFZ3bXBXQWkwaGxkcnpESTh4Mi9FeFJabHVucU4rMTlJRUZoaXFDaHV3RWFlcW5RUWRkbVdudXZ1ClpuVWJJTS80N3RmcS8zMXd1NUI1cUtDdW53UTkzRWMyVVRZUVRDK2RhY2xKcDBXME1PK3U2bDM5Ym90VXNXdHoKWFNNc0xhNm1QVFRacnVtKzNPSDlYTkplUU8zOFROWUlZRWdiMTZPUUU0YU5kUnJKUXh1VVVKYkIybmtKdTU3SQowR29IcGxrK1RENmRPcGpWVmlZcjMzdEJvcVorV1dJaFpic1dFWVNDaFh4c2YvZmdUQVozWHRYekN0RG83eDBTCjFJVGR2MnpwU3VLdk42RnhzUWVPcmVZUnBwUDJuMFJDN1RXV05BYU1sZGVqbEdhNzNKd1V2d3IyN3FDdkNqTlkKcUo3cXJZeVNNMlJQS0pFZVVPL09TZz09Ci0tLS0tRU5EIENFUlRJRklDQVRFLS0tLS0K"
              }
            ],
            "master_authorized_networks_config": [],
            "master_version": "1.27.3-gke.100",
            "mesh_certificates": [],
            "min_master_version": null,
            "monitoring_config": [
              {
                "advanced_datapath_observability_config": [
                  {
                    "enable_metrics": false,
                    "relay_mode": "DISABLED"
                  }
                ],
                "enable_components": [
                  "SYSTEM_COMPONENTS"
                ],
                "managed_prometheus": [
                  {
                    "enabled": true
                  }
                ]
              }
            ],
            "monitoring_service": "monitoring.googleapis.com/kubernetes",
            "name": "my-rearcted-final-cluster",
            "network": "projects/humble-being-293400/global/networks/default",
            "network_policy": [
              {
                "enabled": false,
                "provider": "PROVIDER_UNSPECIFIED"
              }
            ],
            "networking_mode": "VPC_NATIVE",
            "node_config": [],
            "node_locations": [
              "us-central1-a",
              "us-central1-c",
              "us-central1-f"
            ],
            "node_pool": [],
            "node_pool_auto_config": [],
            "node_pool_defaults": [
              {
                "node_config_defaults": [
                  {
                    "logging_variant": "DEFAULT"
                  }
                ]
              }
            ],
            "node_version": "1.27.3-gke.100",
            "notification_config": [
              {
                "pubsub": [
                  {
                    "enabled": false,
                    "filter": [],
                    "topic": ""
                  }
                ]
              }
            ],
            "operation": null,
            "private_cluster_config": [
              {
                "enable_private_endpoint": false,
                "enable_private_nodes": false,
                "master_global_access_config": [
                  {
                    "enabled": false
                  }
                ],
                "master_ipv4_cidr_block": "",
                "peering_name": "",
                "private_endpoint": "10.128.0.28",
                "private_endpoint_subnetwork": "",
                "public_endpoint": "104.197.78.222"
              }
            ],
            "private_ipv6_google_access": "",
            "project": "humble-being-293400",
            "release_channel": [
              {
                "channel": "REGULAR"
              }
            ],
            "remove_default_node_pool": true,
            "resource_labels": null,
            "resource_usage_export_config": [],
            "security_posture_config": [
              {
                "mode": "BASIC",
                "vulnerability_mode": "VULNERABILITY_MODE_UNSPECIFIED"
              }
            ],
            "self_link": "https://container.googleapis.com/v1/projects/humble-being-293400/locations/us-central1/clusters/my-rearcted-final-cluster",
            "service_external_ips_config": [
              {
                "enabled": false
              }
            ],
            "services_ipv4_cidr": "10.12.0.0/20",
            "subnetwork": "projects/humble-being-293400/regions/us-central1/subnetworks/default",
            "timeouts": null,
            "tpu_ipv4_cidr_block": "",
            "vertical_pod_autoscaling": [],
            "workload_identity_config": []
          },
          "sensitive_attributes": [],
          "private": "eyJlMmJmYjczMC1lY2FhLTExZTYtOGY4OC0zNDM2M2JjN2M0YzAiOnsiY3JlYXRlIjoyNDAwMDAwMDAwMDAwLCJkZWxldGUiOjI0MDAwMDAwMDAwMDAsInJlYWQiOjI0MDAwMDAwMDAwMDAsInVwZGF0ZSI6MzYwMDAwMDAwMDAwMH0sInNjaGVtYV92ZXJzaW9uIjoiMiJ9"
        }
      ]
    },
    {
      "mode": "managed",
      "type": "google_container_node_pool",
      "name": "my-node-final-rearc-pool",
      "provider": "provider[\"registry.terraform.io/hashicorp/google\"]",
      "instances": [
        {
          "schema_version": 1,
          "attributes": {
            "autoscaling": [],
            "cluster": "my-rearcted-final-cluster",
            "id": "projects/humble-being-293400/locations/us-central1/clusters/my-rearcted-final-cluster/nodePools/my-node-final-rearc-pool",
            "initial_node_count": 1,
            "instance_group_urls": [
              "https://www.googleapis.com/compute/v1/projects/humble-being-293400/zones/us-central1-f/instanceGroupManagers/gke-my-rearcted-fina-my-node-final-re-e9eaecbf-grp",
              "https://www.googleapis.com/compute/v1/projects/humble-being-293400/zones/us-central1-c/instanceGroupManagers/gke-my-rearcted-fina-my-node-final-re-de5d1c78-grp",
              "https://www.googleapis.com/compute/v1/projects/humble-being-293400/zones/us-central1-a/instanceGroupManagers/gke-my-rearcted-fina-my-node-final-re-f5b9df9c-grp"
            ],
            "location": "us-central1",
            "managed_instance_group_urls": [
              "https://www.googleapis.com/compute/v1/projects/humble-being-293400/zones/us-central1-f/instanceGroups/gke-my-rearcted-fina-my-node-final-re-e9eaecbf-grp",
              "https://www.googleapis.com/compute/v1/projects/humble-being-293400/zones/us-central1-c/instanceGroups/gke-my-rearcted-fina-my-node-final-re-de5d1c78-grp",
              "https://www.googleapis.com/compute/v1/projects/humble-being-293400/zones/us-central1-a/instanceGroups/gke-my-rearcted-fina-my-node-final-re-f5b9df9c-grp"
            ],
            "management": [
              {
                "auto_repair": true,
                "auto_upgrade": true
              }
            ],
            "max_pods_per_node": 110,
            "name": "my-node-final-rearc-pool",
            "name_prefix": "",
            "network_config": [
              {
                "create_pod_range": false,
                "enable_private_nodes": false,
                "pod_cidr_overprovision_config": [],
                "pod_ipv4_cidr_block": "10.8.0.0/14",
                "pod_range": "gke-my-rearcted-final-cluster-pods-dd9ddf6d"
              }
            ],
            "node_config": [
              {
                "advanced_machine_features": [],
                "boot_disk_kms_key": "",
                "confidential_nodes": [],
                "disk_size_gb": 100,
                "disk_type": "pd-balanced",
                "effective_taints": [],
                "ephemeral_storage_local_ssd_config": [],
                "fast_socket": [],
                "gcfs_config": [],
                "guest_accelerator": [],
                "gvnic": [],
                "host_maintenance_policy": [],
                "image_type": "COS_CONTAINERD",
                "kubelet_config": [],
                "labels": {
                  "env": "humble-being-293400"
                },
                "linux_node_config": [],
                "local_nvme_ssd_block_config": [],
                "local_ssd_count": 0,
                "logging_variant": "DEFAULT",
                "machine_type": "e2-medium",
                "metadata": {
                  "disable-legacy-endpoints": "true"
                },
                "min_cpu_platform": "",
                "node_group": "",
                "oauth_scopes": [
                  "https://www.googleapis.com/auth/cloud-platform",
                  "https://www.googleapis.com/auth/devstorage.read_only",
                  "https://www.googleapis.com/auth/logging.write",
                  "https://www.googleapis.com/auth/monitoring"
                ],
                "preemptible": false,
                "reservation_affinity": [],
                "resource_labels": null,
                "service_account": "default",
                "shielded_instance_config": [
                  {
                    "enable_integrity_monitoring": true,
                    "enable_secure_boot": false
                  }
                ],
                "sole_tenant_config": [],
                "spot": false,
                "tags": null,
                "taint": [],
                "workload_metadata_config": []
              }
            ],
            "node_count": 1,
            "node_locations": [
              "us-central1-a",
              "us-central1-c",
              "us-central1-f"
            ],
            "operation": null,
            "placement_policy": [],
            "project": "humble-being-293400",
            "timeouts": null,
            "upgrade_settings": [
              {
                "blue_green_settings": [],
                "max_surge": 1,
                "max_unavailable": 0,
                "strategy": "SURGE"
              }
            ],
            "version": "1.27.3-gke.100"
          },
          "sensitive_attributes": [],
          "private": "eyJlMmJmYjczMC1lY2FhLTExZTYtOGY4OC0zNDM2M2JjN2M0YzAiOnsiY3JlYXRlIjoxODAwMDAwMDAwMDAwLCJkZWxldGUiOjE4MDAwMDAwMDAwMDAsInVwZGF0ZSI6MTgwMDAwMDAwMDAwMH0sInNjaGVtYV92ZXJzaW9uIjoiMSJ9",
          "dependencies": [
            "google_container_cluster.my-rearcted-final-cluster"
          ]
        }
      ]
    },
    {
      "mode": "managed",
      "type": "null_resource",
      "name": "docker-registry",
      "provider": "provider[\"registry.terraform.io/hashicorp/null\"]",
      "instances": []
    },
    {
      "mode": "managed",
      "type": "null_resource",
      "name": "kube-context",
      "provider": "provider[\"registry.terraform.io/hashicorp/null\"]",
      "instances": [
        {
          "schema_version": 0,
          "attributes": {
            "id": "7094659941322129396",
            "triggers": null
          },
          "sensitive_attributes": [],
          "dependencies": [
            "google_container_cluster.my-rearcted-final-cluster",
            "google_container_node_pool.my-node-final-rearc-pool"
          ]
        }
      ]
    }
  ],
  "check_results": null
}
